{
  "name": "vestis",
  "lockfileVersion": 3,
  "requires": true,
  "packages": {
    "": {
      "dependencies": {
        "@imgly/background-removal": "^1.0.6"
      }
    },
    "node_modules/@imgly/background-removal": {
      "version": "1.0.6",
      "resolved": "https://registry.npmjs.org/@imgly/background-removal/-/background-removal-1.0.6.tgz",
      "integrity": "sha512-ExO82TiTj0HTEMsTUCQ6krCbZxgr5ao2G5ktizD3YpeRxiHMEZeH7AWDDho8mNcw8kgtjF9geHLAhiW9CQ8dUA=="
    }
  }
}
